{
  "name": "lynktown2-main",
  "lockfileVersion": 2,
  "requires": true,
  "packages": {
    "": {
      "dependencies": {
        "nextjs": "^0.0.3",
        "reactjs": "^1.0.0"
      }
    },
    "node_modules/nextjs": {
      "version": "0.0.3",
      "resolved": "https://registry.npmjs.org/nextjs/-/nextjs-0.0.3.tgz",
      "integrity": "sha512-mYbDUo4/sRAZ8TqK63PCpYnFiLg7BICG/ot9+guOrUKd4/Fo71ZmEQ41IZbH6nqbQvG7SXTBuofJXAIWfNho0w==",
      "engines": {
        "node": ">=0.8.21"
      }
    },
    "node_modules/reactjs": {
      "version": "1.0.0",
      "resolved": "https://registry.npmjs.org/reactjs/-/reactjs-1.0.0.tgz",
      "integrity": "sha512-qA9hlxvt0NJueuZ+WnFnngajVWCqtGI4/y3mAxN7U5yoiZqaGie/QIvjqI8gUOYU06bh7Qpc872CSxhZiId5Gw=="
    }
  },
  "dependencies": {
    "nextjs": {
      "version": "0.0.3",
      "resolved": "https://registry.npmjs.org/nextjs/-/nextjs-0.0.3.tgz",
      "integrity": "sha512-mYbDUo4/sRAZ8TqK63PCpYnFiLg7BICG/ot9+guOrUKd4/Fo71ZmEQ41IZbH6nqbQvG7SXTBuofJXAIWfNho0w=="
    },
    "reactjs": {
      "version": "1.0.0",
      "resolved": "https://registry.npmjs.org/reactjs/-/reactjs-1.0.0.tgz",
      "integrity": "sha512-qA9hlxvt0NJueuZ+WnFnngajVWCqtGI4/y3mAxN7U5yoiZqaGie/QIvjqI8gUOYU06bh7Qpc872CSxhZiId5Gw=="
    }
  }
}
